<?xml version="1.0" encoding="utf-8"?>
<Project ToolsVersion="4.0" xmlns="http://schemas.microsoft.com/developer/msbuild/2003">
  <ItemGroup>
    <Filter Include="Source Files">
      <UniqueIdentifier>{4FC737F1-C7A5-4376-A066-2A32D752A2FF}</UniqueIdentifier>
      <Extensions>cpp;c;cc;cxx;c++;cppm;ixx;def;odl;idl;hpj;bat;asm;asmx</Extensions>
    </Filter>
    <Filter Include="Header Files">
      <UniqueIdentifier>{93995380-89BD-4b04-88EB-625FBE52EBFB}</UniqueIdentifier>
      <Extensions>h;hh;hpp;hxx;h++;hm;inl;inc;ipp;xsd</Extensions>
    </Filter>
    <Filter Include="Resource Files">
      <UniqueIdentifier>{67DA6AB6-F800-4c08-8B7A-83BB121AAD01}</UniqueIdentifier>
      <Extensions>rc;ico;cur;bmp;dlg;rc2;rct;bin;rgs;gif;jpg;jpeg;jpe;resx;tiff;tif;png;wav;mfcribbon-ms</Extensions>
    </Filter>
  </ItemGroup>
  <ItemGroup>
    <ClCompile Include="VtxEngine\Source\VtxEngine\Window\Window.cpp">
      <Filter>Source Files</Filter>
    </ClCompile>
    <ClCompile Include="Sanbox\Main.cpp">
      <Filter>Source Files</Filter>
    </ClCompile>
    <ClCompile Include="VtxEngine\Source\VtxEngine\Game\Game.cpp">
      <Filter>Source Files</Filter>
    </ClCompile>
    <ClCompile Include="VtxEngine\Source\VtxEngine\Game\Win32\Sandbox.cpp">
      <Filter>Source Files</Filter>
    </ClCompile>
    <ClCompile Include="VtxEngine\Source\VtxEngine\Graphics\GraphicsEngine.cpp">
      <Filter>Source Files</Filter>
    </ClCompile>
    <ClCompile Include="VtxEngine\Source\VtxEngine\Graphics\RenderSystem.cpp">
      <Filter>Source Files</Filter>
    </ClCompile>
    <ClCompile Include="VtxEngine\Source\VtxEngine\Graphics\DeviceContext.cpp">
      <Filter>Source Files</Filter>
    </ClCompile>
    <ClCompile Include="VtxEngine\Source\VtxEngine\Graphics\IndexBuffer.cpp">
      <Filter>Source Files</Filter>
    </ClCompile>
    <ClCompile Include="VtxEngine\Source\VtxEngine\Graphics\PixelShader.cpp">
      <Filter>Source Files</Filter>
    </ClCompile>
    <ClCompile Include="VtxEngine\Source\VtxEngine\Graphics\ConstantBuffer.cpp">
      <Filter>Source Files</Filter>
    </ClCompile>
    <ClCompile Include="VtxEngine\Source\VtxEngine\Graphics\SwapChain.cpp">
      <Filter>Source Files</Filter>
    </ClCompile>
    <ClCompile Include="VtxEngine\Source\VtxEngine\Graphics\VertexBuffer.cpp">
      <Filter>Source Files</Filter>
    </ClCompile>
    <ClCompile Include="VtxEngine\Source\VtxEngine\Graphics\VertexShader.cpp">
      <Filter>Source Files</Filter>
    </ClCompile>
    <ClCompile Include="VtxEngine\Source\VtxEngine\Game\Display.cpp">
      <Filter>Source Files</Filter>
    </ClCompile>
    <ClCompile Include="VtxEngine\Source\VtxEngine\Resource\ResourceManager.cpp">
      <Filter>Source Files</Filter>
    </ClCompile>
    <ClCompile Include="VtxEngine\Source\VtxEngine\Resource\Resource.cpp">
      <Filter>Source Files</Filter>
    </ClCompile>
    <ClCompile Include="VtxEngine\Source\VtxEngine\Resource\Mesh.cpp">
      <Filter>Source Files</Filter>
    </ClCompile>
    <ClCompile Include="VtxEngine\Source\VtxEngine\Graphics\Texture2D.cpp">
      <Filter>Source Files</Filter>
    </ClCompile>
    <ClCompile Include="VtxEngine\Source\VtxEngine\Graphics\Texture.cpp">
      <Filter>Source Files</Filter>
    </ClCompile>
    <ClCompile Include="VtxEngine\Source\VtxEngine\Resource\Material.cpp">
      <Filter>Source Files</Filter>
    </ClCompile>
    <ClCompile Include="VtxEngine\Source\VtxEngine\Input\InputSystem.cpp">
      <Filter>Source Files</Filter>
    </ClCompile>
    <ClCompile Include="Sanbox\MyGame.cpp">
      <Filter>Source Files</Filter>
    </ClCompile>
    <ClCompile Include="VtxEngine\Source\VtxEngine\Game\World.cpp">
      <Filter>Source Files</Filter>
    </ClCompile>
    <ClCompile Include="VtxEngine\Source\VtxEngine\Entity\Entity.cpp">
      <Filter>Source Files</Filter>
    </ClCompile>
    <ClCompile Include="VtxEngine\Source\VtxEngine\Game\Player.cpp">
      <Filter>Source Files</Filter>
    </ClCompile>
    <ClCompile Include="VtxEngine\Source\VtxEngine\Entity\Component.cpp">
      <Filter>Source Files</Filter>
    </ClCompile>
    <ClCompile Include="VtxEngine\Source\VtxEngine\Entity\TransformComponent.cpp">
      <Filter>Source Files</Filter>
    </ClCompile>
    <ClCompile Include="VtxEngine\Source\VtxEngine\Entity\MeshComponent.cpp">
      <Filter>Source Files</Filter>
    </ClCompile>
    <ClCompile Include="VtxEngine\Source\VtxEngine\Entity\CameraComponent.cpp">
      <Filter>Source Files</Filter>
    </ClCompile>
    <ClCompile Include="VtxEngine\Source\VtxEngine\Entity\LightComponent.cpp">
      <Filter>Source Files</Filter>
    </ClCompile>
    <ClCompile Include="VtxEngine\Source\VtxEngine\Entity\TerrainComponent.cpp">
      <Filter>Source Files</Filter>
    </ClCompile>
    <ClCompile Include="VtxEngine\Source\VtxEngine\Physics\PhysicsEngine.cpp">
      <Filter>Source Files</Filter>
    </ClCompile>
    <ClCompile Include="VtxEngine\Source\VtxEngine\Entity\RigidBodyComponent.cpp">
      <Filter>Source Files</Filter>
    </ClCompile>
    <ClCompile Include="VtxEngine\Source\VtxEngine\Entity\ColliderComponent.cpp">
      <Filter>Source Files</Filter>
    </ClCompile>
  </ItemGroup>
  <ItemGroup>
    <FxCompile Include="VtxEngine\VertexShader.hlsl" />
    <FxCompile Include="VtxEngine\PixelShader.hlsl" />
    <FxCompile Include="assets\shaders\VertexMeshLayoutShader.hlsl" />
    <FxCompile Include="assets\shaders\skybox\SkyboxPixelShader.hlsl" />
    <FxCompile Include="assets\shaders\skybox\SkyboxVertexShader.hlsl" />
    <FxCompile Include="assets\shaders\pointlight\PointLightVertexShader.hlsl" />
    <FxCompile Include="assets\shaders\pointlight\PointLightPixelShader.hlsl" />
    <FxCompile Include="assets\shaders\directionallight\DirectionalLightPixelShader.hlsl" />
    <FxCompile Include="assets\shaders\directionallight\DirectionalLightVertexShader.hlsl" />
    <FxCompile Include="assets\shaders\directionallight\DirBumpLightVS.hlsl" />
    <FxCompile Include="assets\shaders\directionallight\DirBumpLightPS.hlsl" />
    <FxCompile Include="assets\shaders\DepthOfField\PostProcessVS.hlsl" />
    <FxCompile Include="assets\shaders\DepthOfField\DOF.hlsl" />
  </ItemGroup>
  <ItemGroup>
    <ClInclude Include="VtxEngine\Include\VtxEngine\Window\Window.h">
      <Filter>Header Files</Filter>
    </ClInclude>
    <ClInclude Include="VtxEngine\Include\VtxEngine\Prerequisites.h">
      <Filter>Header Files</Filter>
    </ClInclude>
    <ClInclude Include="VtxEngine\Include\VtxEngine\Math\Rect.h">
      <Filter>Header Files</Filter>
    </ClInclude>
    <ClInclude Include="VtxEngine\Include\VtxEngine\Game\Game.h">
      <Filter>Header Files</Filter>
    </ClInclude>
    <ClInclude Include="VtxEngine\Include\VtxEngine\Graphics\GraphicsEngine.h">
      <Filter>Header Files</Filter>
    </ClInclude>
    <ClInclude Include="VtxEngine\Include\VtxEngine\Graphics\RenderSystem.h">
      <Filter>Header Files</Filter>
    </ClInclude>
    <ClInclude Include="VtxEngine\Include\VtxEngine\Graphics\DeviceContext.h">
      <Filter>Header Files</Filter>
    </ClInclude>
    <ClInclude Include="VtxEngine\Include\VtxEngine\Graphics\PixelShader.h">
      <Filter>Header Files</Filter>
    </ClInclude>
    <ClInclude Include="VtxEngine\Include\VtxEngine\Graphics\IndexBuffer.h">
      <Filter>Header Files</Filter>
    </ClInclude>
    <ClInclude Include="VtxEngine\Include\VtxEngine\Graphics\ConstantBuffer.h">
      <Filter>Header Files</Filter>
    </ClInclude>
    <ClInclude Include="VtxEngine\Include\VtxEngine\Graphics\SwapChain.h">
      <Filter>Header Files</Filter>
    </ClInclude>
    <ClInclude Include="VtxEngine\Include\VtxEngine\Graphics\VertexBuffer.h">
      <Filter>Header Files</Filter>
    </ClInclude>
    <ClInclude Include="VtxEngine\Include\VtxEngine\Graphics\VertexShader.h">
      <Filter>Header Files</Filter>
    </ClInclude>
    <ClInclude Include="VtxEngine\Include\VtxEngine\Game\Display.h">
      <Filter>Header Files</Filter>
    </ClInclude>
    <ClInclude Include="VtxEngine\Include\VtxEngine\Resource\ResourceManager.h">
      <Filter>Header Files</Filter>
    </ClInclude>
    <ClInclude Include="VtxEngine\Include\VtxEngine\Resource\Resource.h">
      <Filter>Header Files</Filter>
    </ClInclude>
    <ClInclude Include="VtxEngine\Include\VtxEngine\Resource\Mesh.h">
      <Filter>Header Files</Filter>
    </ClInclude>
    <ClInclude Include="VtxEngine\Include\VtxEngine\Math\Vector2D.h">
      <Filter>Header Files</Filter>
    </ClInclude>
    <ClInclude Include="VtxEngine\Include\VtxEngine\Math\Vector3D.h">
      <Filter>Header Files</Filter>
    </ClInclude>
    <ClInclude Include="VtxEngine\Include\VtxEngine\Math\Vector4D.h">
      <Filter>Header Files</Filter>
    </ClInclude>
    <ClInclude Include="VtxEngine\Include\VtxEngine\Math\VertexMesh.h">
      <Filter>Header Files</Filter>
    </ClInclude>
    <ClInclude Include="VtxEngine\Include\VtxEngine\Math\Matrix4x4.h">
      <Filter>Header Files</Filter>
    </ClInclude>
    <ClInclude Include="VtxEngine\Include\VtxEngine\Graphics\Texture2D.h">
      <Filter>Header Files</Filter>
    </ClInclude>
    <ClInclude Include="VtxEngine\Include\VtxEngine\Resource\Material.h">
      <Filter>Header Files</Filter>
    </ClInclude>
    <ClInclude Include="VtxEngine\Include\VtxEngine\Input\InputSystem.h">
      <Filter>Header Files</Filter>
    </ClInclude>
    <ClInclude Include="VtxEngine\Include\VtxEngine\Input\InputListener.h">
      <Filter>Header Files</Filter>
    </ClInclude>
    <ClInclude Include="Sanbox\MyGame.h">
      <Filter>Header Files</Filter>
    </ClInclude>
    <ClInclude Include="VtxEngine\Include\VtxEngine\Game\World.h">
      <Filter>Header Files</Filter>
    </ClInclude>
    <ClInclude Include="VtxEngine\Include\VtxEngine\Entity\Entity.h">
      <Filter>Header Files</Filter>
    </ClInclude>
    <ClInclude Include="VtxEngine\Include\VtxEngine\HighLevelClasses.h">
      <Filter>Header Files</Filter>
    </ClInclude>
    <ClInclude Include="VtxEngine\Include\VtxEngine\Game\Player.h">
      <Filter>Header Files</Filter>
    </ClInclude>
    <ClInclude Include="VtxEngine\Include\VtxEngine\Entity\Component.h">
      <Filter>Header Files</Filter>
    </ClInclude>
    <ClInclude Include="VtxEngine\Include\VtxEngine\Entity\TransformComponent.h">
      <Filter>Header Files</Filter>
    </ClInclude>
    <ClInclude Include="VtxEngine\Include\VtxEngine\Entity\MeshComponent.h">
      <Filter>Header Files</Filter>
    </ClInclude>
    <ClInclude Include="VtxEngine\Include\VtxEngine\Entity\CameraComponent.h">
      <Filter>Header Files</Filter>
    </ClInclude>
    <ClInclude Include="VtxEngine\Include\VtxEngine\Resource\Texture.h">
      <Filter>Header Files</Filter>
    </ClInclude>
    <ClInclude Include="VtxEngine\Include\VtxEngine\Entity\LightComponent.h">
      <Filter>Header Files</Filter>
    </ClInclude>
    <ClInclude Include="VtxEngine\Include\VtxEngine\Entity\TerrainComponent.h">
      <Filter>Header Files</Filter>
    </ClInclude>
    <ClInclude Include="VtxEngine\Include\VtxEngine\Math\Functions.h">
      <Filter>Header Files</Filter>
    </ClInclude>
    <ClInclude Include="VtxEngine\Include\VtxEngine\Physics\PhysicsEngine.h">
      <Filter>Header Files</Filter>
    </ClInclude>
    <ClInclude Include="VtxEngine\Include\VtxEngine\Entity\PlayerControllerComponent.h">
      <Filter>Header Files</Filter>
    </ClInclude>
    <ClInclude Include="VtxEngine\Include\VtxEngine\Entity\RigidBodyComponent.h">
      <Filter>Header Files</Filter>
    </ClInclude>
    <ClInclude Include="VtxEngine\Include\VtxEngine\Entity\ColliderComponent.h">
      <Filter>Header Files</Filter>
    </ClInclude>
  </ItemGroup>
</Project>